
Microsoft Visual Studio Solution File, Format Version 12.00
# Visual Studio Version 16
VisualStudioVersion = 16.0.31424.327
MinimumVisualStudioVersion = 10.0.40219.1
Project("{FAE04EC0-301F-11D3-BF4B-00C04F79EFBC}") = "WebGoogle", "WebGoogle\WebGoogle.csproj", "{9C114F2D-94F6-4677-AF30-CDD76B6D9C8B}"
EndProject
Global
	GlobalSection(SolutionConfigurationPlatforms) = preSolution
		Debug|Any CPU = Debug|Any CPU
		Release|Any CPU = Release|Any CPU
	EndGlobalSection
	GlobalSection(ProjectConfigurationPlatforms) = postSolution
		{9C114F2D-94F6-4677-AF30-CDD76B6D9C8B}.Debug|Any CPU.ActiveCfg = Debug|Any CPU
		{9C114F2D-94F6-4677-AF30-CDD76B6D9C8B}.Debug|Any CPU.Build.0 = Debug|Any CPU
		{9C114F2D-94F6-4677-AF30-CDD76B6D9C8B}.Release|Any CPU.ActiveCfg = Release|Any CPU
		{9C114F2D-94F6-4677-AF30-CDD76B6D9C8B}.Release|Any CPU.Build.0 = Release|Any CPU
	EndGlobalSection
	GlobalSection(SolutionProperties) = preSolution
		HideSolutionNode = FALSE
	EndGlobalSection
	GlobalSection(ExtensibilityGlobals) = postSolution
		SolutionGuid = {E142EC00-3C92-44FE-A287-988B353FB207}
	EndGlobalSection
EndGlobal
